{
  "name": "langColourer",
  "lockfileVersion": 3,
  "requires": true,
  "packages": {
    "": {
      "dependencies": {
        "easy-file-dialogs": "^1.2.0"
      }
    },
    "node_modules/easy-file-dialogs": {
      "version": "1.2.0",
      "resolved": "https://registry.npmjs.org/easy-file-dialogs/-/easy-file-dialogs-1.2.0.tgz",
      "integrity": "sha512-RJOaOSTnVcGM/FD996AMjyccquShElyKpSy8qrXoAMyDqUpUosoaB+fJF5QDRqGejgdkPTZw46YCqhqbutFI2g==",
      "hasInstallScript": true
    }
  }
}
